
Microsoft Visual Studio Solution File, Format Version 12.00
# Visual Studio Version 16
VisualStudioVersion = 16.0.31410.357
MinimumVisualStudioVersion = 10.0.40219.1
Project("{FAE04EC0-301F-11D3-BF4B-00C04F79EFBC}") = "AccountingNote.DBSource", "AccountingNote.DBsource\AccountingNote.DBSource.csproj", "{0C9E27F3-02E0-4CFC-92D9-1B55C46F7B7E}"
EndProject
Project("{FAE04EC0-301F-11D3-BF4B-00C04F79EFBC}") = "AccountingNote", "AccountingNote\AccountingNote.csproj", "{F5587E99-39DA-41CE-A268-50E73BF11B99}"
EndProject
Project("{FAE04EC0-301F-11D3-BF4B-00C04F79EFBC}") = "AccountingNote.Auth", "AccountingNote.Auth\AccountingNote.Auth.csproj", "{867B4CAD-80DD-4BCF-847A-78CEBA4B3CFB}"
EndProject
Global
	GlobalSection(SolutionConfigurationPlatforms) = preSolution
		Debug|Any CPU = Debug|Any CPU
		Release|Any CPU = Release|Any CPU
	EndGlobalSection
	GlobalSection(ProjectConfigurationPlatforms) = postSolution
		{0C9E27F3-02E0-4CFC-92D9-1B55C46F7B7E}.Debug|Any CPU.ActiveCfg = Debug|Any CPU
		{0C9E27F3-02E0-4CFC-92D9-1B55C46F7B7E}.Debug|Any CPU.Build.0 = Debug|Any CPU
		{0C9E27F3-02E0-4CFC-92D9-1B55C46F7B7E}.Release|Any CPU.ActiveCfg = Release|Any CPU
		{0C9E27F3-02E0-4CFC-92D9-1B55C46F7B7E}.Release|Any CPU.Build.0 = Release|Any CPU
		{F5587E99-39DA-41CE-A268-50E73BF11B99}.Debug|Any CPU.ActiveCfg = Debug|Any CPU
		{F5587E99-39DA-41CE-A268-50E73BF11B99}.Debug|Any CPU.Build.0 = Debug|Any CPU
		{F5587E99-39DA-41CE-A268-50E73BF11B99}.Release|Any CPU.ActiveCfg = Release|Any CPU
		{F5587E99-39DA-41CE-A268-50E73BF11B99}.Release|Any CPU.Build.0 = Release|Any CPU
		{867B4CAD-80DD-4BCF-847A-78CEBA4B3CFB}.Debug|Any CPU.ActiveCfg = Debug|Any CPU
		{867B4CAD-80DD-4BCF-847A-78CEBA4B3CFB}.Debug|Any CPU.Build.0 = Debug|Any CPU
		{867B4CAD-80DD-4BCF-847A-78CEBA4B3CFB}.Release|Any CPU.ActiveCfg = Release|Any CPU
		{867B4CAD-80DD-4BCF-847A-78CEBA4B3CFB}.Release|Any CPU.Build.0 = Release|Any CPU
	EndGlobalSection
	GlobalSection(SolutionProperties) = preSolution
		HideSolutionNode = FALSE
	EndGlobalSection
	GlobalSection(ExtensibilityGlobals) = postSolution
		SolutionGuid = {E9C9A11A-57E8-4A8D-8888-70443174D67B}
	EndGlobalSection
EndGlobal
