
Microsoft Visual Studio Solution File, Format Version 12.00
# Visual Studio Version 16
VisualStudioVersion = 16.0.31410.357
MinimumVisualStudioVersion = 10.0.40219.1
Project("{FAE04EC0-301F-11D3-BF4B-00C04F79EFBC}") = "AccountingNote", "AccountingNote\AccountingNote.csproj", "{FFD34503-FEFA-40E9-9B05-5854881CED0B}"
EndProject
Project("{FAE04EC0-301F-11D3-BF4B-00C04F79EFBC}") = "AccountingNote.Auth", "AccountingNote.Auth\AccountingNote.Auth.csproj", "{60786F97-8F5A-4EAF-8D7A-22A9503A0B89}"
EndProject
Project("{FAE04EC0-301F-11D3-BF4B-00C04F79EFBC}") = "AccountingNote.DBSource", "AccountingNote.DBsource\AccountingNote.DBSource.csproj", "{0C9E27F3-02E0-4CFC-92D9-1B55C46F7B7E}"
EndProject
Project("{FAE04EC0-301F-11D3-BF4B-00C04F79EFBC}") = "AccountingNote.ORM", "AccountingNote.ORM\AccountingNote.ORM.csproj", "{0610D1C0-3C8C-4077-B127-C99FFD2A9002}"
EndProject
Global
	GlobalSection(SolutionConfigurationPlatforms) = preSolution
		Debug|Any CPU = Debug|Any CPU
		Release|Any CPU = Release|Any CPU
	EndGlobalSection
	GlobalSection(ProjectConfigurationPlatforms) = postSolution
		{FFD34503-FEFA-40E9-9B05-5854881CED0B}.Debug|Any CPU.ActiveCfg = Debug|Any CPU
		{FFD34503-FEFA-40E9-9B05-5854881CED0B}.Debug|Any CPU.Build.0 = Debug|Any CPU
		{FFD34503-FEFA-40E9-9B05-5854881CED0B}.Release|Any CPU.ActiveCfg = Release|Any CPU
		{FFD34503-FEFA-40E9-9B05-5854881CED0B}.Release|Any CPU.Build.0 = Release|Any CPU
		{60786F97-8F5A-4EAF-8D7A-22A9503A0B89}.Debug|Any CPU.ActiveCfg = Debug|Any CPU
		{60786F97-8F5A-4EAF-8D7A-22A9503A0B89}.Debug|Any CPU.Build.0 = Debug|Any CPU
		{60786F97-8F5A-4EAF-8D7A-22A9503A0B89}.Release|Any CPU.ActiveCfg = Release|Any CPU
		{60786F97-8F5A-4EAF-8D7A-22A9503A0B89}.Release|Any CPU.Build.0 = Release|Any CPU
		{0C9E27F3-02E0-4CFC-92D9-1B55C46F7B7E}.Debug|Any CPU.ActiveCfg = Debug|Any CPU
		{0C9E27F3-02E0-4CFC-92D9-1B55C46F7B7E}.Debug|Any CPU.Build.0 = Debug|Any CPU
		{0C9E27F3-02E0-4CFC-92D9-1B55C46F7B7E}.Release|Any CPU.ActiveCfg = Release|Any CPU
		{0C9E27F3-02E0-4CFC-92D9-1B55C46F7B7E}.Release|Any CPU.Build.0 = Release|Any CPU
		{0610D1C0-3C8C-4077-B127-C99FFD2A9002}.Debug|Any CPU.ActiveCfg = Debug|Any CPU
		{0610D1C0-3C8C-4077-B127-C99FFD2A9002}.Debug|Any CPU.Build.0 = Debug|Any CPU
		{0610D1C0-3C8C-4077-B127-C99FFD2A9002}.Release|Any CPU.ActiveCfg = Release|Any CPU
		{0610D1C0-3C8C-4077-B127-C99FFD2A9002}.Release|Any CPU.Build.0 = Release|Any CPU
	EndGlobalSection
	GlobalSection(SolutionProperties) = preSolution
		HideSolutionNode = FALSE
	EndGlobalSection
	GlobalSection(ExtensibilityGlobals) = postSolution
		SolutionGuid = {E9C9A11A-57E8-4A8D-8888-70443174D67B}
	EndGlobalSection
EndGlobal
